
Microsoft Visual Studio Solution File, Format Version 12.00
# Visual Studio Version 16
VisualStudioVersion = 16.0.31205.134
MinimumVisualStudioVersion = 10.0.40219.1
Project("{FAE04EC0-301F-11D3-BF4B-00C04F79EFBC}") = "WinButNum", "WinButNum\WinButNum.csproj", "{1A768D23-97E6-49BF-B0FB-ADDF596A1173}"
EndProject
Global
	GlobalSection(SolutionConfigurationPlatforms) = preSolution
		Debug|Any CPU = Debug|Any CPU
		Release|Any CPU = Release|Any CPU
	EndGlobalSection
	GlobalSection(ProjectConfigurationPlatforms) = postSolution
		{1A768D23-97E6-49BF-B0FB-ADDF596A1173}.Debug|Any CPU.ActiveCfg = Debug|Any CPU
		{1A768D23-97E6-49BF-B0FB-ADDF596A1173}.Debug|Any CPU.Build.0 = Debug|Any CPU
		{1A768D23-97E6-49BF-B0FB-ADDF596A1173}.Release|Any CPU.ActiveCfg = Release|Any CPU
		{1A768D23-97E6-49BF-B0FB-ADDF596A1173}.Release|Any CPU.Build.0 = Release|Any CPU
	EndGlobalSection
	GlobalSection(SolutionProperties) = preSolution
		HideSolutionNode = FALSE
	EndGlobalSection
	GlobalSection(ExtensibilityGlobals) = postSolution
		SolutionGuid = {8CE8ABDE-0433-418B-9811-D2FC8A783C1A}
	EndGlobalSection
EndGlobal
