
Microsoft Visual Studio Solution File, Format Version 12.00
# Visual Studio Version 16
VisualStudioVersion = 16.0.31205.134
MinimumVisualStudioVersion = 10.0.40219.1
Project("{FAE04EC0-301F-11D3-BF4B-00C04F79EFBC}") = "WpfHelloNav", "WpfHelloNav\WpfHelloNav.csproj", "{A85E79F4-514E-45A4-B6E1-28AF9880932B}"
EndProject
Global
	GlobalSection(SolutionConfigurationPlatforms) = preSolution
		Debug|Any CPU = Debug|Any CPU
		Release|Any CPU = Release|Any CPU
	EndGlobalSection
	GlobalSection(ProjectConfigurationPlatforms) = postSolution
		{A85E79F4-514E-45A4-B6E1-28AF9880932B}.Debug|Any CPU.ActiveCfg = Debug|Any CPU
		{A85E79F4-514E-45A4-B6E1-28AF9880932B}.Debug|Any CPU.Build.0 = Debug|Any CPU
		{A85E79F4-514E-45A4-B6E1-28AF9880932B}.Release|Any CPU.ActiveCfg = Release|Any CPU
		{A85E79F4-514E-45A4-B6E1-28AF9880932B}.Release|Any CPU.Build.0 = Release|Any CPU
	EndGlobalSection
	GlobalSection(SolutionProperties) = preSolution
		HideSolutionNode = FALSE
	EndGlobalSection
	GlobalSection(ExtensibilityGlobals) = postSolution
		SolutionGuid = {C4C3AFA2-70F1-4787-B789-985B2045E79A}
	EndGlobalSection
EndGlobal
